
Microsoft Visual Studio Solution File, Format Version 12.00
# Visual Studio Version 17
VisualStudioVersion = 17.5.33516.290
MinimumVisualStudioVersion = 10.0.40219.1
Project("{FAE04EC0-301F-11D3-BF4B-00C04F79EFBC}") = "DL", "DL\DL.csproj", "{6D7FCCE4-BAA2-4665-831E-E136340375D1}"
EndProject
Project("{FAE04EC0-301F-11D3-BF4B-00C04F79EFBC}") = "BL", "BL\BL.csproj", "{552D7460-ED4B-49AE-8518-88EBA3D97BC5}"
EndProject
Project("{FAE04EC0-301F-11D3-BF4B-00C04F79EFBC}") = "ML", "ML\ML.csproj", "{3E187667-12F3-4259-B375-520B975E1E79}"
EndProject
Project("{FAE04EC0-301F-11D3-BF4B-00C04F79EFBC}") = "PL", "PL\PL.csproj", "{EFD4110E-76A9-4D01-A272-E231417B5543}"
EndProject
Global
	GlobalSection(SolutionConfigurationPlatforms) = preSolution
		Debug|Any CPU = Debug|Any CPU
		Release|Any CPU = Release|Any CPU
	EndGlobalSection
	GlobalSection(ProjectConfigurationPlatforms) = postSolution
		{6D7FCCE4-BAA2-4665-831E-E136340375D1}.Debug|Any CPU.ActiveCfg = Debug|Any CPU
		{6D7FCCE4-BAA2-4665-831E-E136340375D1}.Debug|Any CPU.Build.0 = Debug|Any CPU
		{6D7FCCE4-BAA2-4665-831E-E136340375D1}.Release|Any CPU.ActiveCfg = Release|Any CPU
		{6D7FCCE4-BAA2-4665-831E-E136340375D1}.Release|Any CPU.Build.0 = Release|Any CPU
		{552D7460-ED4B-49AE-8518-88EBA3D97BC5}.Debug|Any CPU.ActiveCfg = Debug|Any CPU
		{552D7460-ED4B-49AE-8518-88EBA3D97BC5}.Debug|Any CPU.Build.0 = Debug|Any CPU
		{552D7460-ED4B-49AE-8518-88EBA3D97BC5}.Release|Any CPU.ActiveCfg = Release|Any CPU
		{552D7460-ED4B-49AE-8518-88EBA3D97BC5}.Release|Any CPU.Build.0 = Release|Any CPU
		{3E187667-12F3-4259-B375-520B975E1E79}.Debug|Any CPU.ActiveCfg = Debug|Any CPU
		{3E187667-12F3-4259-B375-520B975E1E79}.Debug|Any CPU.Build.0 = Debug|Any CPU
		{3E187667-12F3-4259-B375-520B975E1E79}.Release|Any CPU.ActiveCfg = Release|Any CPU
		{3E187667-12F3-4259-B375-520B975E1E79}.Release|Any CPU.Build.0 = Release|Any CPU
		{EFD4110E-76A9-4D01-A272-E231417B5543}.Debug|Any CPU.ActiveCfg = Debug|Any CPU
		{EFD4110E-76A9-4D01-A272-E231417B5543}.Debug|Any CPU.Build.0 = Debug|Any CPU
		{EFD4110E-76A9-4D01-A272-E231417B5543}.Release|Any CPU.ActiveCfg = Release|Any CPU
		{EFD4110E-76A9-4D01-A272-E231417B5543}.Release|Any CPU.Build.0 = Release|Any CPU
	EndGlobalSection
	GlobalSection(SolutionProperties) = preSolution
		HideSolutionNode = FALSE
	EndGlobalSection
	GlobalSection(ExtensibilityGlobals) = postSolution
		SolutionGuid = {33A23A9F-5C9A-46E5-9395-2CBB230B4C2B}
	EndGlobalSection
EndGlobal
